// !$*UTF8*$!
{
	archiveVersion = 1;
	classes = {
	};
	objectVersion = 46;
	objects = {

/* Begin PBXBuildFile section */
		A450BD5B1CECBB24005E27E1 /* main.m in Sources */ = {isa = PBXBuildFile; fileRef = A450BD5A1CECBB24005E27E1 /* main.m */; };
		A450BD5E1CECBB24005E27E1 /* AppDelegate.m in Sources */ = {isa = PBXBuildFile; fileRef = A450BD5D1CECBB24005E27E1 /* AppDelegate.m */; };
		A450BD611CECBB24005E27E1 /* ViewController.m in Sources */ = {isa = PBXBuildFile; fileRef = A450BD601CECBB24005E27E1 /* ViewController.m */; };
		A450BD641CECBB24005E27E1 /* Main.storyboard in Resources */ = {isa = PBXBuildFile; fileRef = A450BD621CECBB24005E27E1 /* Main.storyboard */; };
		A450BD661CECBB24005E27E1 /* Assets.xcassets in Resources */ = {isa = PBXBuildFile; fileRef = A450BD651CECBB24005E27E1 /* Assets.xcassets */; };
		A450BD691CECBB24005E27E1 /* LaunchScreen.storyboard in Resources */ = {isa = PBXBuildFile; fileRef = A450BD671CECBB24005E27E1 /* LaunchScreen.storyboard */; };
		A450BD741CECBB24005E27E1 /* TodayExtension_StoryboardTests.m in Sources */ = {isa = PBXBuildFile; fileRef = A450BD731CECBB24005E27E1 /* TodayExtension_StoryboardTests.m */; };
		A450BD7F1CECBB24005E27E1 /* TodayExtension_StoryboardUITests.m in Sources */ = {isa = PBXBuildFile; fileRef = A450BD7E1CECBB24005E27E1 /* TodayExtension_StoryboardUITests.m */; };
		A450BD931CECBC06005E27E1 /* NotificationCenter.framework in Frameworks */ = {isa = PBXBuildFile; fileRef = A450BD921CECBC06005E27E1 /* NotificationCenter.framework */; };
		A450BD971CECBC06005E27E1 /* TodayViewController.m in Sources */ = {isa = PBXBuildFile; fileRef = A450BD961CECBC06005E27E1 /* TodayViewController.m */; };
		A450BD9A1CECBC06005E27E1 /* MainInterface.storyboard in Resources */ = {isa = PBXBuildFile; fileRef = A450BD981CECBC06005E27E1 /* MainInterface.storyboard */; };
		A450BD9E1CECBC06005E27E1 /* TodayExtensionStoryboard.appex in Embed App Extensions */ = {isa = PBXBuildFile; fileRef = A450BD901CECBC06005E27E1 /* TodayExtensionStoryboard.appex */; settings = {ATTRIBUTES = (RemoveHeadersOnCopy, ); }; };
/* End PBXBuildFile section */

/* Begin PBXContainerItemProxy section */
		A450BD701CECBB24005E27E1 /* PBXContainerItemProxy */ = {
			isa = PBXContainerItemProxy;
			containerPortal = A450BD4E1CECBB24005E27E1 /* Project object */;
			proxyType = 1;
			remoteGlobalIDString = A450BD551CECBB24005E27E1;
			remoteInfo = "TodayExtension-Storyboard";
		};
		A450BD7B1CECBB24005E27E1 /* PBXContainerItemProxy */ = {
			isa = PBXContainerItemProxy;
			containerPortal = A450BD4E1CECBB24005E27E1 /* Project object */;
			proxyType = 1;
			remoteGlobalIDString = A450BD551CECBB24005E27E1;
			remoteInfo = "TodayExtension-Storyboard";
		};
		A450BD9C1CECBC06005E27E1 /* PBXContainerItemProxy */ = {
			isa = PBXContainerItemProxy;
			containerPortal = A450BD4E1CECBB24005E27E1 /* Project object */;
			proxyType = 1;
			remoteGlobalIDString = A450BD8F1CECBC06005E27E1;
			remoteInfo = TodayExtensionStoryboard;
		};
/* End PBXContainerItemProxy section */

/* Begin PBXCopyFilesBuildPhase section */
		A450BDA21CECBC06005E27E1 /* Embed App Extensions */ = {
			isa = PBXCopyFilesBuildPhase;
			buildActionMask = 2147483647;
			dstPath = "";
			dstSubfolderSpec = 13;
			files = (
				A450BD9E1CECBC06005E27E1 /* TodayExtensionStoryboard.appex in Embed App Extensions */,
			);
			name = "Embed App Extensions";
			runOnlyForDeploymentPostprocessing = 0;
		};
/* End PBXCopyFilesBuildPhase section */

/* Begin PBXFileReference section */
		A450BD561CECBB24005E27E1 /* TodayExtension-Storyboard.app */ = {isa = PBXFileReference; explicitFileType = wrapper.application; includeInIndex = 0; path = "TodayExtension-Storyboard.app"; sourceTree = BUILT_PRODUCTS_DIR; };
		A450BD5A1CECBB24005E27E1 /* main.m */ = {isa = PBXFileReference; lastKnownFileType = sourcecode.c.objc; path = main.m; sourceTree = "<group>"; };
		A450BD5C1CECBB24005E27E1 /* AppDelegate.h */ = {isa = PBXFileReference; lastKnownFileType = sourcecode.c.h; path = AppDelegate.h; sourceTree = "<group>"; };
		A450BD5D1CECBB24005E27E1 /* AppDelegate.m */ = {isa = PBXFileReference; lastKnownFileType = sourcecode.c.objc; path = AppDelegate.m; sourceTree = "<group>"; };
		A450BD5F1CECBB24005E27E1 /* ViewController.h */ = {isa = PBXFileReference; lastKnownFileType = sourcecode.c.h; path = ViewController.h; sourceTree = "<group>"; };
		A450BD601CECBB24005E27E1 /* ViewController.m */ = {isa = PBXFileReference; lastKnownFileType = sourcecode.c.objc; path = ViewController.m; sourceTree = "<group>"; };
		A450BD631CECBB24005E27E1 /* Base */ = {isa = PBXFileReference; lastKnownFileType = file.storyboard; name = Base; path = Base.lproj/Main.storyboard; sourceTree = "<group>"; };
		A450BD651CECBB24005E27E1 /* Assets.xcassets */ = {isa = PBXFileReference; lastKnownFileType = folder.assetcatalog; path = Assets.xcassets; sourceTree = "<group>"; };
		A450BD681CECBB24005E27E1 /* Base */ = {isa = PBXFileReference; lastKnownFileType = file.storyboard; name = Base; path = Base.lproj/LaunchScreen.storyboard; sourceTree = "<group>"; };
		A450BD6A1CECBB24005E27E1 /* Info.plist */ = {isa = PBXFileReference; lastKnownFileType = text.plist.xml; path = Info.plist; sourceTree = "<group>"; };
		A450BD6F1CECBB24005E27E1 /* TodayExtension-StoryboardTests.xctest */ = {isa = PBXFileReference; explicitFileType = wrapper.cfbundle; includeInIndex = 0; path = "TodayExtension-StoryboardTests.xctest"; sourceTree = BUILT_PRODUCTS_DIR; };
		A450BD731CECBB24005E27E1 /* TodayExtension_StoryboardTests.m */ = {isa = PBXFileReference; lastKnownFileType = sourcecode.c.objc; path = TodayExtension_StoryboardTests.m; sourceTree = "<group>"; };
		A450BD751CECBB24005E27E1 /* Info.plist */ = {isa = PBXFileReference; lastKnownFileType = text.plist.xml; path = Info.plist; sourceTree = "<group>"; };
		A450BD7A1CECBB24005E27E1 /* TodayExtension-StoryboardUITests.xctest */ = {isa = PBXFileReference; explicitFileType = wrapper.cfbundle; includeInIndex = 0; path = "TodayExtension-StoryboardUITests.xctest"; sourceTree = BUILT_PRODUCTS_DIR; };
		A450BD7E1CECBB24005E27E1 /* TodayExtension_StoryboardUITests.m */ = {isa = PBXFileReference; lastKnownFileType = sourcecode.c.objc; path = TodayExtension_StoryboardUITests.m; sourceTree = "<group>"; };
		A450BD801CECBB25005E27E1 /* Info.plist */ = {isa = PBXFileReference; lastKnownFileType = text.plist.xml; path = Info.plist; sourceTree = "<group>"; };
		A450BD901CECBC06005E27E1 /* TodayExtensionStoryboard.appex */ = {isa = PBXFileReference; explicitFileType = "wrapper.app-extension"; includeInIndex = 0; path = TodayExtensionStoryboard.appex; sourceTree = BUILT_PRODUCTS_DIR; };
		A450BD921CECBC06005E27E1 /* NotificationCenter.framework */ = {isa = PBXFileReference; lastKnownFileType = wrapper.framework; name = NotificationCenter.framework; path = System/Library/Frameworks/NotificationCenter.framework; sourceTree = SDKROOT; };
		A450BD951CECBC06005E27E1 /* TodayViewController.h */ = {isa = PBXFileReference; lastKnownFileType = sourcecode.c.h; path = TodayViewController.h; sourceTree = "<group>"; };
		A450BD961CECBC06005E27E1 /* TodayViewController.m */ = {isa = PBXFileReference; lastKnownFileType = sourcecode.c.objc; path = TodayViewController.m; sourceTree = "<group>"; };
		A450BD991CECBC06005E27E1 /* Base */ = {isa = PBXFileReference; lastKnownFileType = file.storyboard; name = Base; path = Base.lproj/MainInterface.storyboard; sourceTree = "<group>"; };
		A450BD9B1CECBC06005E27E1 /* Info.plist */ = {isa = PBXFileReference; lastKnownFileType = text.plist.xml; path = Info.plist; sourceTree = "<group>"; };
		A450BDA71CECD073005E27E1 /* TodayExtension-Storyboard.entitlements */ = {isa = PBXFileReference; lastKnownFileType = text.xml; path = "TodayExtension-Storyboard.entitlements"; sourceTree = "<group>"; };
		A450BDA81CECD213005E27E1 /* TodayExtensionStoryboard.entitlements */ = {isa = PBXFileReference; lastKnownFileType = text.xml; path = TodayExtensionStoryboard.entitlements; sourceTree = "<group>"; };
/* End PBXFileReference section */

/* Begin PBXFrameworksBuildPhase section */
		A450BD531CECBB24005E27E1 /* Frameworks */ = {
			isa = PBXFrameworksBuildPhase;
			buildActionMask = 2147483647;
			files = (
			);
			runOnlyForDeploymentPostprocessing = 0;
		};
		A450BD6C1CECBB24005E27E1 /* Frameworks */ = {
			isa = PBXFrameworksBuildPhase;
			buildActionMask = 2147483647;
			files = (
			);
			runOnlyForDeploymentPostprocessing = 0;
		};
		A450BD771CECBB24005E27E1 /* Frameworks */ = {
			isa = PBXFrameworksBuildPhase;
			buildActionMask = 2147483647;
			files = (
			);
			runOnlyForDeploymentPostprocessing = 0;
		};
		A450BD8D1CECBC06005E27E1 /* Frameworks */ = {
			isa = PBXFrameworksBuildPhase;
			buildActionMask = 2147483647;
			files = (
				A450BD931CECBC06005E27E1 /* NotificationCenter.framework in Frameworks */,
			);
			runOnlyForDeploymentPostprocessing = 0;
		};
/* End PBXFrameworksBuildPhase section */

/* Begin PBXGroup section */
		A450BD4D1CECBB24005E27E1 = {
			isa = PBXGroup;
			children = (
				A450BD581CECBB24005E27E1 /* TodayExtension-Storyboard */,
				A450BD721CECBB24005E27E1 /* TodayExtension-StoryboardTests */,
				A450BD7D1CECBB24005E27E1 /* TodayExtension-StoryboardUITests */,
				A450BD941CECBC06005E27E1 /* TodayExtensionStoryboard */,
				A450BD911CECBC06005E27E1 /* Frameworks */,
				A450BD571CECBB24005E27E1 /* Products */,
			);
			sourceTree = "<group>";
		};
		A450BD571CECBB24005E27E1 /* Products */ = {
			isa = PBXGroup;
			children = (
				A450BD561CECBB24005E27E1 /* TodayExtension-Storyboard.app */,
				A450BD6F1CECBB24005E27E1 /* TodayExtension-StoryboardTests.xctest */,
				A450BD7A1CECBB24005E27E1 /* TodayExtension-StoryboardUITests.xctest */,
				A450BD901CECBC06005E27E1 /* TodayExtensionStoryboard.appex */,
			);
			name = Products;
			sourceTree = "<group>";
		};
		A450BD581CECBB24005E27E1 /* TodayExtension-Storyboard */ = {
			isa = PBXGroup;
			children = (
				A450BDA71CECD073005E27E1 /* TodayExtension-Storyboard.entitlements */,
				A450BD5C1CECBB24005E27E1 /* AppDelegate.h */,
				A450BD5D1CECBB24005E27E1 /* AppDelegate.m */,
				A450BD5F1CECBB24005E27E1 /* ViewController.h */,
				A450BD601CECBB24005E27E1 /* ViewController.m */,
				A450BD621CECBB24005E27E1 /* Main.storyboard */,
				A450BD651CECBB24005E27E1 /* Assets.xcassets */,
				A450BD671CECBB24005E27E1 /* LaunchScreen.storyboard */,
				A450BD6A1CECBB24005E27E1 /* Info.plist */,
				A450BD591CECBB24005E27E1 /* Supporting Files */,
			);
			path = "TodayExtension-Storyboard";
			sourceTree = "<group>";
		};
		A450BD591CECBB24005E27E1 /* Supporting Files */ = {
			isa = PBXGroup;
			children = (
				A450BD5A1CECBB24005E27E1 /* main.m */,
			);
			name = "Supporting Files";
			sourceTree = "<group>";
		};
		A450BD721CECBB24005E27E1 /* TodayExtension-StoryboardTests */ = {
			isa = PBXGroup;
			children = (
				A450BD731CECBB24005E27E1 /* TodayExtension_StoryboardTests.m */,
				A450BD751CECBB24005E27E1 /* Info.plist */,
			);
			path = "TodayExtension-StoryboardTests";
			sourceTree = "<group>";
		};
		A450BD7D1CECBB24005E27E1 /* TodayExtension-StoryboardUITests */ = {
			isa = PBXGroup;
			children = (
				A450BD7E1CECBB24005E27E1 /* TodayExtension_StoryboardUITests.m */,
				A450BD801CECBB25005E27E1 /* Info.plist */,
			);
			path = "TodayExtension-StoryboardUITests";
			sourceTree = "<group>";
		};
		A450BD911CECBC06005E27E1 /* Frameworks */ = {
			isa = PBXGroup;
			children = (
				A450BD921CECBC06005E27E1 /* NotificationCenter.framework */,
			);
			name = Frameworks;
			sourceTree = "<group>";
		};
		A450BD941CECBC06005E27E1 /* TodayExtensionStoryboard */ = {
			isa = PBXGroup;
			children = (
				A450BDA81CECD213005E27E1 /* TodayExtensionStoryboard.entitlements */,
				A450BD951CECBC06005E27E1 /* TodayViewController.h */,
				A450BD961CECBC06005E27E1 /* TodayViewController.m */,
				A450BD981CECBC06005E27E1 /* MainInterface.storyboard */,
				A450BD9B1CECBC06005E27E1 /* Info.plist */,
			);
			path = TodayExtensionStoryboard;
			sourceTree = "<group>";
		};
/* End PBXGroup section */

/* Begin PBXNativeTarget section */
		A450BD551CECBB24005E27E1 /* TodayExtension-Storyboard */ = {
			isa = PBXNativeTarget;
			buildConfigurationList = A450BD831CECBB25005E27E1 /* Build configuration list for PBXNativeTarget "TodayExtension-Storyboard" */;
			buildPhases = (
				A450BD521CECBB24005E27E1 /* Sources */,
				A450BD531CECBB24005E27E1 /* Frameworks */,
				A450BD541CECBB24005E27E1 /* Resources */,
				A450BDA21CECBC06005E27E1 /* Embed App Extensions */,
			);
			buildRules = (
			);
			dependencies = (
				A450BD9D1CECBC06005E27E1 /* PBXTargetDependency */,
			);
			name = "TodayExtension-Storyboard";
			productName = "TodayExtension-Storyboard";
			productReference = A450BD561CECBB24005E27E1 /* TodayExtension-Storyboard.app */;
			productType = "com.apple.product-type.application";
		};
		A450BD6E1CECBB24005E27E1 /* TodayExtension-StoryboardTests */ = {
			isa = PBXNativeTarget;
			buildConfigurationList = A450BD861CECBB25005E27E1 /* Build configuration list for PBXNativeTarget "TodayExtension-StoryboardTests" */;
			buildPhases = (
				A450BD6B1CECBB24005E27E1 /* Sources */,
				A450BD6C1CECBB24005E27E1 /* Frameworks */,
				A450BD6D1CECBB24005E27E1 /* Resources */,
			);
			buildRules = (
			);
			dependencies = (
				A450BD711CECBB24005E27E1 /* PBXTargetDependency */,
			);
			name = "TodayExtension-StoryboardTests";
			productName = "TodayExtension-StoryboardTests";
			productReference = A450BD6F1CECBB24005E27E1 /* TodayExtension-StoryboardTests.xctest */;
			productType = "com.apple.product-type.bundle.unit-test";
		};
		A450BD791CECBB24005E27E1 /* TodayExtension-StoryboardUITests */ = {
			isa = PBXNativeTarget;
			buildConfigurationList = A450BD891CECBB25005E27E1 /* Build configuration list for PBXNativeTarget "TodayExtension-StoryboardUITests" */;
			buildPhases = (
				A450BD761CECBB24005E27E1 /* Sources */,
				A450BD771CECBB24005E27E1 /* Frameworks */,
				A450BD781CECBB24005E27E1 /* Resources */,
			);
			buildRules = (
			);
			dependencies = (
				A450BD7C1CECBB24005E27E1 /* PBXTargetDependency */,
			);
			name = "TodayExtension-StoryboardUITests";
			productName = "TodayExtension-StoryboardUITests";
			productReference = A450BD7A1CECBB24005E27E1 /* TodayExtension-StoryboardUITests.xctest */;
			productType = "com.apple.product-type.bundle.ui-testing";
		};
		A450BD8F1CECBC06005E27E1 /* TodayExtensionStoryboard */ = {
			isa = PBXNativeTarget;
			buildConfigurationList = A450BDA11CECBC06005E27E1 /* Build configuration list for PBXNativeTarget "TodayExtensionStoryboard" */;
			buildPhases = (
				A450BD8C1CECBC06005E27E1 /* Sources */,
				A450BD8D1CECBC06005E27E1 /* Frameworks */,
				A450BD8E1CECBC06005E27E1 /* Resources */,
			);
			buildRules = (
			);
			dependencies = (
			);
			name = TodayExtensionStoryboard;
			productName = TodayExtensionStoryboard;
			productReference = A450BD901CECBC06005E27E1 /* TodayExtensionStoryboard.appex */;
			productType = "com.apple.product-type.app-extension";
		};
/* End PBXNativeTarget section */

/* Begin PBXProject section */
		A450BD4E1CECBB24005E27E1 /* Project object */ = {
			isa = PBXProject;
			attributes = {
				LastUpgradeCheck = 0730;
				ORGANIZATIONNAME = Cain;
				TargetAttributes = {
					A450BD551CECBB24005E27E1 = {
						CreatedOnToolsVersion = 7.3.1;
						DevelopmentTeam = M67UHY3N8U;
						SystemCapabilities = {
							com.apple.ApplicationGroups.iOS = {
								enabled = 1;
							};
						};
					};
					A450BD6E1CECBB24005E27E1 = {
						CreatedOnToolsVersion = 7.3.1;
						TestTargetID = A450BD551CECBB24005E27E1;
					};
					A450BD791CECBB24005E27E1 = {
						CreatedOnToolsVersion = 7.3.1;
						TestTargetID = A450BD551CECBB24005E27E1;
					};
					A450BD8F1CECBC06005E27E1 = {
						CreatedOnToolsVersion = 7.3.1;
						DevelopmentTeam = M67UHY3N8U;
						SystemCapabilities = {
							com.apple.ApplicationGroups.iOS = {
								enabled = 1;
							};
						};
					};
				};
			};
			buildConfigurationList = A450BD511CECBB24005E27E1 /* Build configuration list for PBXProject "TodayExtension-Storyboard" */;
			compatibilityVersion = "Xcode 3.2";
			developmentRegion = English;
			hasScannedForEncodings = 0;
			knownRegions = (
				en,
				Base,
			);
			mainGroup = A450BD4D1CECBB24005E27E1;
			productRefGroup = A450BD571CECBB24005E27E1 /* Products */;
			projectDirPath = "";
			projectRoot = "";
			targets = (
				A450BD551CECBB24005E27E1 /* TodayExtension-Storyboard */,
				A450BD6E1CECBB24005E27E1 /* TodayExtension-StoryboardTests */,
				A450BD791CECBB24005E27E1 /* TodayExtension-StoryboardUITests */,
				A450BD8F1CECBC06005E27E1 /* TodayExtensionStoryboard */,
			);
		};
/* End PBXProject section */

/* Begin PBXResourcesBuildPhase section */
		A450BD541CECBB24005E27E1 /* Resources */ = {
			isa = PBXResourcesBuildPhase;
			buildActionMask = 2147483647;
			files = (
				A450BD691CECBB24005E27E1 /* LaunchScreen.storyboard in Resources */,
				A450BD661CECBB24005E27E1 /* Assets.xcassets in Resources */,
				A450BD641CECBB24005E27E1 /* Main.storyboard in Resources */,
			);
			runOnlyForDeploymentPostprocessing = 0;
		};
		A450BD6D1CECBB24005E27E1 /* Resources */ = {
			isa = PBXResourcesBuildPhase;
			buildActionMask = 2147483647;
			files = (
			);
			runOnlyForDeploymentPostprocessing = 0;
		};
		A450BD781CECBB24005E27E1 /* Resources */ = {
			isa = PBXResourcesBuildPhase;
			buildActionMask = 2147483647;
			files = (
			);
			runOnlyForDeploymentPostprocessing = 0;
		};
		A450BD8E1CECBC06005E27E1 /* Resources */ = {
			isa = PBXResourcesBuildPhase;
			buildActionMask = 2147483647;
			files = (
				A450BD9A1CECBC06005E27E1 /* MainInterface.storyboard in Resources */,
			);
			runOnlyForDeploymentPostprocessing = 0;
		};
/* End PBXResourcesBuildPhase section */

/* Begin PBXSourcesBuildPhase section */
		A450BD521CECBB24005E27E1 /* Sources */ = {
			isa = PBXSourcesBuildPhase;
			buildActionMask = 2147483647;
			files = (
				A450BD611CECBB24005E27E1 /* ViewController.m in Sources */,
				A450BD5E1CECBB24005E27E1 /* AppDelegate.m in Sources */,
				A450BD5B1CECBB24005E27E1 /* main.m in Sources */,
			);
			runOnlyForDeploymentPostprocessing = 0;
		};
		A450BD6B1CECBB24005E27E1 /* Sources */ = {
			isa = PBXSourcesBuildPhase;
			buildActionMask = 2147483647;
			files = (
				A450BD741CECBB24005E27E1 /* TodayExtension_StoryboardTests.m in Sources */,
			);
			runOnlyForDeploymentPostprocessing = 0;
		};
		A450BD761CECBB24005E27E1 /* Sources */ = {
			isa = PBXSourcesBuildPhase;
			buildActionMask = 2147483647;
			files = (
				A450BD7F1CECBB24005E27E1 /* TodayExtension_StoryboardUITests.m in Sources */,
			);
			runOnlyForDeploymentPostprocessing = 0;
		};
		A450BD8C1CECBC06005E27E1 /* Sources */ = {
			isa = PBXSourcesBuildPhase;
			buildActionMask = 2147483647;
			files = (
				A450BD971CECBC06005E27E1 /* TodayViewController.m in Sources */,
			);
			runOnlyForDeploymentPostprocessing = 0;
		};
/* End PBXSourcesBuildPhase section */

/* Begin PBXTargetDependency section */
		A450BD711CECBB24005E27E1 /* PBXTargetDependency */ = {
			isa = PBXTargetDependency;
			target = A450BD551CECBB24005E27E1 /* TodayExtension-Storyboard */;
			targetProxy = A450BD701CECBB24005E27E1 /* PBXContainerItemProxy */;
		};
		A450BD7C1CECBB24005E27E1 /* PBXTargetDependency */ = {
			isa = PBXTargetDependency;
			target = A450BD551CECBB24005E27E1 /* TodayExtension-Storyboard */;
			targetProxy = A450BD7B1CECBB24005E27E1 /* PBXContainerItemProxy */;
		};
		A450BD9D1CECBC06005E27E1 /* PBXTargetDependency */ = {
			isa = PBXTargetDependency;
			target = A450BD8F1CECBC06005E27E1 /* TodayExtensionStoryboard */;
			targetProxy = A450BD9C1CECBC06005E27E1 /* PBXContainerItemProxy */;
		};
/* End PBXTargetDependency section */

/* Begin PBXVariantGroup section */
		A450BD621CECBB24005E27E1 /* Main.storyboard */ = {
			isa = PBXVariantGroup;
			children = (
				A450BD631CECBB24005E27E1 /* Base */,
			);
			name = Main.storyboard;
			sourceTree = "<group>";
		};
		A450BD671CECBB24005E27E1 /* LaunchScreen.storyboard */ = {
			isa = PBXVariantGroup;
			children = (
				A450BD681CECBB24005E27E1 /* Base */,
			);
			name = LaunchScreen.storyboard;
			sourceTree = "<group>";
		};
		A450BD981CECBC06005E27E1 /* MainInterface.storyboard */ = {
			isa = PBXVariantGroup;
			children = (
				A450BD991CECBC06005E27E1 /* Base */,
			);
			name = MainInterface.storyboard;
			sourceTree = "<group>";
		};
/* End PBXVariantGroup section */

/* Begin XCBuildConfiguration section */
		A450BD811CECBB25005E27E1 /* Debug */ = {
			isa = XCBuildConfiguration;
			buildSettings = {
				ALWAYS_SEARCH_USER_PATHS = NO;
				CLANG_ANALYZER_NONNULL = YES;
				CLANG_CXX_LANGUAGE_STANDARD = "gnu++0x";
				CLANG_CXX_LIBRARY = "libc++";
				CLANG_ENABLE_MODULES = YES;
				CLANG_ENABLE_OBJC_ARC = YES;
				CLANG_WARN_BOOL_CONVERSION = YES;
				CLANG_WARN_CONSTANT_CONVERSION = YES;
				CLANG_WARN_DIRECT_OBJC_ISA_USAGE = YES_ERROR;
				CLANG_WARN_EMPTY_BODY = YES;
				CLANG_WARN_ENUM_CONVERSION = YES;
				CLANG_WARN_INT_CONVERSION = YES;
				CLANG_WARN_OBJC_ROOT_CLASS = YES_ERROR;
				CLANG_WARN_UNREACHABLE_CODE = YES;
				CLANG_WARN__DUPLICATE_METHOD_MATCH = YES;
				"CODE_SIGN_IDENTITY[sdk=iphoneos*]" = "iPhone Developer";
				COPY_PHASE_STRIP = NO;
				DEBUG_INFORMATION_FORMAT = dwarf;
				ENABLE_STRICT_OBJC_MSGSEND = YES;
				ENABLE_TESTABILITY = YES;
				GCC_C_LANGUAGE_STANDARD = gnu99;
				GCC_DYNAMIC_NO_PIC = NO;
				GCC_NO_COMMON_BLOCKS = YES;
				GCC_OPTIMIZATION_LEVEL = 0;
				GCC_PREPROCESSOR_DEFINITIONS = (
					"DEBUG=1",
					"$(inherited)",
				);
				GCC_WARN_64_TO_32_BIT_CONVERSION = YES;
				GCC_WARN_ABOUT_RETURN_TYPE = YES_ERROR;
				GCC_WARN_UNDECLARED_SELECTOR = YES;
				GCC_WARN_UNINITIALIZED_AUTOS = YES_AGGRESSIVE;
				GCC_WARN_UNUSED_FUNCTION = YES;
				GCC_WARN_UNUSED_VARIABLE = YES;
				IPHONEOS_DEPLOYMENT_TARGET = 9.3;
				MTL_ENABLE_DEBUG_INFO = YES;
				ONLY_ACTIVE_ARCH = YES;
				SDKROOT = iphoneos;
				TARGETED_DEVICE_FAMILY = "1,2";
			};
			name = Debug;
		};
		A450BD821CECBB25005E27E1 /* Release */ = {
			isa = XCBuildConfiguration;
			buildSettings = {
				ALWAYS_SEARCH_USER_PATHS = NO;
				CLANG_ANALYZER_NONNULL = YES;
				CLANG_CXX_LANGUAGE_STANDARD = "gnu++0x";
				CLANG_CXX_LIBRARY = "libc++";
				CLANG_ENABLE_MODULES = YES;
				CLANG_ENABLE_OBJC_ARC = YES;
				CLANG_WARN_BOOL_CONVERSION = YES;
				CLANG_WARN_CONSTANT_CONVERSION = YES;
				CLANG_WARN_DIRECT_OBJC_ISA_USAGE = YES_ERROR;
				CLANG_WARN_EMPTY_BODY = YES;
				CLANG_WARN_ENUM_CONVERSION = YES;
				CLANG_WARN_INT_CONVERSION = YES;
				CLANG_WARN_OBJC_ROOT_CLASS = YES_ERROR;
				CLANG_WARN_UNREACHABLE_CODE = YES;
				CLANG_WARN__DUPLICATE_METHOD_MATCH = YES;
				"CODE_SIGN_IDENTITY[sdk=iphoneos*]" = "iPhone Developer";
				COPY_PHASE_STRIP = NO;
				DEBUG_INFORMATION_FORMAT = "dwarf-with-dsym";
				ENABLE_NS_ASSERTIONS = NO;
				ENABLE_STRICT_OBJC_MSGSEND = YES;
				GCC_C_LANGUAGE_STANDARD = gnu99;
				GCC_NO_COMMON_BLOCKS = YES;
				GCC_WARN_64_TO_32_BIT_CONVERSION = YES;
				GCC_WARN_ABOUT_RETURN_TYPE = YES_ERROR;
				GCC_WARN_UNDECLARED_SELECTOR = YES;
				GCC_WARN_UNINITIALIZED_AUTOS = YES_AGGRESSIVE;
				GCC_WARN_UNUSED_FUNCTION = YES;
				GCC_WARN_UNUSED_VARIABLE = YES;
				IPHONEOS_DEPLOYMENT_TARGET = 9.3;
				MTL_ENABLE_DEBUG_INFO = NO;
				SDKROOT = iphoneos;
				TARGETED_DEVICE_FAMILY = "1,2";
				VALIDATE_PRODUCT = YES;
			};
			name = Release;
		};
		A450BD841CECBB25005E27E1 /* Debug */ = {
			isa = XCBuildConfiguration;
			buildSettings = {
				ASSETCATALOG_COMPILER_APPICON_NAME = AppIcon;
				CODE_SIGN_ENTITLEMENTS = "TodayExtension-Storyboard/TodayExtension-Storyboard.entitlements";
				INFOPLIST_FILE = "TodayExtension-Storyboard/Info.plist";
				LD_RUNPATH_SEARCH_PATHS = "$(inherited) @executable_path/Frameworks";
				PRODUCT_BUNDLE_IDENTIFIER = "cain.TodayExtension-Storyboard";
				PRODUCT_NAME = "$(TARGET_NAME)";
			};
			name = Debug;
		};
		A450BD851CECBB25005E27E1 /* Release */ = {
			isa = XCBuildConfiguration;
			buildSettings = {
				ASSETCATALOG_COMPILER_APPICON_NAME = AppIcon;
				CODE_SIGN_ENTITLEMENTS = "TodayExtension-Storyboard/TodayExtension-Storyboard.entitlements";
				INFOPLIST_FILE = "TodayExtension-Storyboard/Info.plist";
				LD_RUNPATH_SEARCH_PATHS = "$(inherited) @executable_path/Frameworks";
				PRODUCT_BUNDLE_IDENTIFIER = "cain.TodayExtension-Storyboard";
				PRODUCT_NAME = "$(TARGET_NAME)";
			};
			name = Release;
		};
		A450BD871CECBB25005E27E1 /* Debug */ = {
			isa = XCBuildConfiguration;
			buildSettings = {
				BUNDLE_LOADER = "$(TEST_HOST)";
				INFOPLIST_FILE = "TodayExtension-StoryboardTests/Info.plist";
				LD_RUNPATH_SEARCH_PATHS = "$(inherited) @executable_path/Frameworks @loader_path/Frameworks";
				PRODUCT_BUNDLE_IDENTIFIER = "cain.TodayExtension-StoryboardTests";
				PRODUCT_NAME = "$(TARGET_NAME)";
				TEST_HOST = "$(BUILT_PRODUCTS_DIR)/TodayExtension-Storyboard.app/TodayExtension-Storyboard";
			};
			name = Debug;
		};
		A450BD881CECBB25005E27E1 /* Release */ = {
			isa = XCBuildConfiguration;
			buildSettings = {
				BUNDLE_LOADER = "$(TEST_HOST)";
				INFOPLIST_FILE = "TodayExtension-StoryboardTests/Info.plist";
				LD_RUNPATH_SEARCH_PATHS = "$(inherited) @executable_path/Frameworks @loader_path/Frameworks";
				PRODUCT_BUNDLE_IDENTIFIER = "cain.TodayExtension-StoryboardTests";
				PRODUCT_NAME = "$(TARGET_NAME)";
				TEST_HOST = "$(BUILT_PRODUCTS_DIR)/TodayExtension-Storyboard.app/TodayExtension-Storyboard";
			};
			name = Release;
		};
		A450BD8A1CECBB25005E27E1 /* Debug */ = {
			isa = XCBuildConfiguration;
			buildSettings = {
				INFOPLIST_FILE = "TodayExtension-StoryboardUITests/Info.plist";
				LD_RUNPATH_SEARCH_PATHS = "$(inherited) @executable_path/Frameworks @loader_path/Frameworks";
				PRODUCT_BUNDLE_IDENTIFIER = "cain.TodayExtension-StoryboardUITests";
				PRODUCT_NAME = "$(TARGET_NAME)";
				TEST_TARGET_NAME = "TodayExtension-Storyboard";
			};
			name = Debug;
		};
		A450BD8B1CECBB25005E27E1 /* Release */ = {
			isa = XCBuildConfiguration;
			buildSettings = {
				INFOPLIST_FILE = "TodayExtension-StoryboardUITests/Info.plist";
				LD_RUNPATH_SEARCH_PATHS = "$(inherited) @executable_path/Frameworks @loader_path/Frameworks";
				PRODUCT_BUNDLE_IDENTIFIER = "cain.TodayExtension-StoryboardUITests";
				PRODUCT_NAME = "$(TARGET_NAME)";
				TEST_TARGET_NAME = "TodayExtension-Storyboard";
			};
			name = Release;
		};
		A450BD9F1CECBC06005E27E1 /* Debug */ = {
			isa = XCBuildConfiguration;
			buildSettings = {
				CODE_SIGN_ENTITLEMENTS = TodayExtensionStoryboard/TodayExtensionStoryboard.entitlements;
				INFOPLIST_FILE = TodayExtensionStoryboard/Info.plist;
				LD_RUNPATH_SEARCH_PATHS = "$(inherited) @executable_path/Frameworks @executable_path/../../Frameworks";
				PRODUCT_BUNDLE_IDENTIFIER = "cain.TodayExtension-Storyboard.TodayExtensionStoryboard";
				PRODUCT_NAME = "$(TARGET_NAME)";
				SKIP_INSTALL = YES;
			};
			name = Debug;
		};
		A450BDA01CECBC06005E27E1 /* Release */ = {
			isa = XCBuildConfiguration;
			buildSettings = {
				CODE_SIGN_ENTITLEMENTS = TodayExtensionStoryboard/TodayExtensionStoryboard.entitlements;
				INFOPLIST_FILE = TodayExtensionStoryboard/Info.plist;
				LD_RUNPATH_SEARCH_PATHS = "$(inherited) @executable_path/Frameworks @executable_path/../../Frameworks";
				PRODUCT_BUNDLE_IDENTIFIER = "cain.TodayExtension-Storyboard.TodayExtensionStoryboard";
				PRODUCT_NAME = "$(TARGET_NAME)";
				SKIP_INSTALL = YES;
			};
			name = Release;
		};
/* End XCBuildConfiguration section */

/* Begin XCConfigurationList section */
		A450BD511CECBB24005E27E1 /* Build configuration list for PBXProject "TodayExtension-Storyboard" */ = {
			isa = XCConfigurationList;
			buildConfigurations = (
				A450BD811CECBB25005E27E1 /* Debug */,
				A450BD821CECBB25005E27E1 /* Release */,
			);
			defaultConfigurationIsVisible = 0;
			defaultConfigurationName = Release;
		};
		A450BD831CECBB25005E27E1 /* Build configuration list for PBXNativeTarget "TodayExtension-Storyboard" */ = {
			isa = XCConfigurationList;
			buildConfigurations = (
				A450BD841CECBB25005E27E1 /* Debug */,
				A450BD851CECBB25005E27E1 /* Release */,
			);
			defaultConfigurationIsVisible = 0;
			defaultConfigurationName = Release;
		};
		A450BD861CECBB25005E27E1 /* Build configuration list for PBXNativeTarget "TodayExtension-StoryboardTests" */ = {
			isa = XCConfigurationList;
			buildConfigurations = (
				A450BD871CECBB25005E27E1 /* Debug */,
				A450BD881CECBB25005E27E1 /* Release */,
			);
			defaultConfigurationIsVisible = 0;
			defaultConfigurationName = Release;
		};
		A450BD891CECBB25005E27E1 /* Build configuration list for PBXNativeTarget "TodayExtension-StoryboardUITests" */ = {
			isa = XCConfigurationList;
			buildConfigurations = (
				A450BD8A1CECBB25005E27E1 /* Debug */,
				A450BD8B1CECBB25005E27E1 /* Release */,
			);
			defaultConfigurationIsVisible = 0;
			defaultConfigurationName = Release;
		};
		A450BDA11CECBC06005E27E1 /* Build configuration list for PBXNativeTarget "TodayExtensionStoryboard" */ = {
			isa = XCConfigurationList;
			buildConfigurations = (
				A450BD9F1CECBC06005E27E1 /* Debug */,
				A450BDA01CECBC06005E27E1 /* Release */,
			);
			defaultConfigurationIsVisible = 0;
		};
/* End XCConfigurationList section */
	};
	rootObject = A450BD4E1CECBB24005E27E1 /* Project object */;
}
